# THIS IS AN AUTOGENERATED FILE. DO NOT EDIT THIS FILE DIRECTLY.
# yarn lockfile v1


encoding-japanese@^1.0.30:
  version "1.0.30"
  resolved "https://registry.yarnpkg.com/encoding-japanese/-/encoding-japanese-1.0.30.tgz#537c4d62881767925d601acb4c79fb14db81703a"
  integrity sha512-bd/DFLAoJetvv7ar/KIpE3CNO8wEuyrt9Xuw6nSMiZ+Vrz/Q21BPsMHvARL2Wz6IKHKXgb+DWZqtRg1vql9cBg==
